
Microsoft Visual Studio Solution File, Format Version 12.00
# Visual Studio Version 17
VisualStudioVersion = 17.14.36511.14 d17.14
MinimumVisualStudioVersion = 10.0.40219.1
Project("{FAE04EC0-301F-11D3-BF4B-00C04F79EFBC}") = "ConsoleApp30", "ConsoleApp30.csproj", "{501A7AF2-1444-487E-B14F-C73056E3A9BD}"
EndProject
Global
	GlobalSection(SolutionConfigurationPlatforms) = preSolution
		Debug|Any CPU = Debug|Any CPU
		Release|Any CPU = Release|Any CPU
	EndGlobalSection
	GlobalSection(ProjectConfigurationPlatforms) = postSolution
		{501A7AF2-1444-487E-B14F-C73056E3A9BD}.Debug|Any CPU.ActiveCfg = Debug|Any CPU
		{501A7AF2-1444-487E-B14F-C73056E3A9BD}.Debug|Any CPU.Build.0 = Debug|Any CPU
		{501A7AF2-1444-487E-B14F-C73056E3A9BD}.Release|Any CPU.ActiveCfg = Release|Any CPU
		{501A7AF2-1444-487E-B14F-C73056E3A9BD}.Release|Any CPU.Build.0 = Release|Any CPU
	EndGlobalSection
	GlobalSection(SolutionProperties) = preSolution
		HideSolutionNode = FALSE
	EndGlobalSection
	GlobalSection(ExtensibilityGlobals) = postSolution
		SolutionGuid = {6286B569-1853-4533-A2A0-07AB8F638362}
	EndGlobalSection
EndGlobal
