
Microsoft Visual Studio Solution File, Format Version 12.00
# Visual Studio Version 17
VisualStudioVersion = 17.14.36511.14 d17.14
MinimumVisualStudioVersion = 10.0.40219.1
Project("{FAE04EC0-301F-11D3-BF4B-00C04F79EFBC}") = "ConsoleApp28", "ConsoleApp28.csproj", "{52C89CAE-09D4-4B38-BCF8-319E9E2420BD}"
EndProject
Global
	GlobalSection(SolutionConfigurationPlatforms) = preSolution
		Debug|Any CPU = Debug|Any CPU
		Release|Any CPU = Release|Any CPU
	EndGlobalSection
	GlobalSection(ProjectConfigurationPlatforms) = postSolution
		{52C89CAE-09D4-4B38-BCF8-319E9E2420BD}.Debug|Any CPU.ActiveCfg = Debug|Any CPU
		{52C89CAE-09D4-4B38-BCF8-319E9E2420BD}.Debug|Any CPU.Build.0 = Debug|Any CPU
		{52C89CAE-09D4-4B38-BCF8-319E9E2420BD}.Release|Any CPU.ActiveCfg = Release|Any CPU
		{52C89CAE-09D4-4B38-BCF8-319E9E2420BD}.Release|Any CPU.Build.0 = Release|Any CPU
	EndGlobalSection
	GlobalSection(SolutionProperties) = preSolution
		HideSolutionNode = FALSE
	EndGlobalSection
	GlobalSection(ExtensibilityGlobals) = postSolution
		SolutionGuid = {5DA64012-9CBB-40F3-9F37-C167CD75090B}
	EndGlobalSection
EndGlobal
