
Microsoft Visual Studio Solution File, Format Version 12.00
# Visual Studio Version 17
VisualStudioVersion = 17.14.36429.23 d17.14
MinimumVisualStudioVersion = 10.0.40219.1
Project("{FAE04EC0-301F-11D3-BF4B-00C04F79EFBC}") = "ConsoleApp5", "ConsoleApp5.csproj", "{24897B4D-5073-4DB7-8890-297EC389396A}"
EndProject
Global
	GlobalSection(SolutionConfigurationPlatforms) = preSolution
		Debug|Any CPU = Debug|Any CPU
		Release|Any CPU = Release|Any CPU
	EndGlobalSection
	GlobalSection(ProjectConfigurationPlatforms) = postSolution
		{24897B4D-5073-4DB7-8890-297EC389396A}.Debug|Any CPU.ActiveCfg = Debug|Any CPU
		{24897B4D-5073-4DB7-8890-297EC389396A}.Debug|Any CPU.Build.0 = Debug|Any CPU
		{24897B4D-5073-4DB7-8890-297EC389396A}.Release|Any CPU.ActiveCfg = Release|Any CPU
		{24897B4D-5073-4DB7-8890-297EC389396A}.Release|Any CPU.Build.0 = Release|Any CPU
	EndGlobalSection
	GlobalSection(SolutionProperties) = preSolution
		HideSolutionNode = FALSE
	EndGlobalSection
	GlobalSection(ExtensibilityGlobals) = postSolution
		SolutionGuid = {3CB07027-2B2C-4672-8201-A060CD4F3BAD}
	EndGlobalSection
EndGlobal
